
Microsoft Visual Studio Solution File, Format Version 12.00
# Visual Studio Version 16
VisualStudioVersion = 16.0.31624.102
MinimumVisualStudioVersion = 10.0.40219.1
Project("{FAE04EC0-301F-11D3-BF4B-00C04F79EFBC}") = "MVCProject", "MVCProject\MVCProject.csproj", "{EF63AF5C-D843-424B-9CA4-AB264340157B}"
EndProject
Global
	GlobalSection(SolutionConfigurationPlatforms) = preSolution
		Debug|Any CPU = Debug|Any CPU
		Release|Any CPU = Release|Any CPU
	EndGlobalSection
	GlobalSection(ProjectConfigurationPlatforms) = postSolution
		{EF63AF5C-D843-424B-9CA4-AB264340157B}.Debug|Any CPU.ActiveCfg = Debug|Any CPU
		{EF63AF5C-D843-424B-9CA4-AB264340157B}.Debug|Any CPU.Build.0 = Debug|Any CPU
		{EF63AF5C-D843-424B-9CA4-AB264340157B}.Release|Any CPU.ActiveCfg = Release|Any CPU
		{EF63AF5C-D843-424B-9CA4-AB264340157B}.Release|Any CPU.Build.0 = Release|Any CPU
	EndGlobalSection
	GlobalSection(SolutionProperties) = preSolution
		HideSolutionNode = FALSE
	EndGlobalSection
	GlobalSection(ExtensibilityGlobals) = postSolution
		SolutionGuid = {D89D7061-3F2A-41AC-9093-F319C20E3233}
	EndGlobalSection
EndGlobal
